<?xml version="1.0" encoding="utf-8"?>
<Project ToolsVersion="4.0" xmlns="http://schemas.microsoft.com/developer/msbuild/2003">
  <ItemGroup>
    <Filter Include="Source Files">
      <UniqueIdentifier>{4FC737F1-C7A5-4376-A066-2A32D752A2FF}</UniqueIdentifier>
      <Extensions>cpp;c;cc;cxx;c++;cppm;ixx;def;odl;idl;hpj;bat;asm;asmx</Extensions>
    </Filter>
    <Filter Include="Header Files">
      <UniqueIdentifier>{93995380-89BD-4b04-88EB-625FBE52EBFB}</UniqueIdentifier>
      <Extensions>h;hh;hpp;hxx;h++;hm;inl;inc;ipp;xsd</Extensions>
    </Filter>
    <Filter Include="Resource Files">
      <UniqueIdentifier>{67DA6AB6-F800-4c08-8B7A-83BB121AAD01}</UniqueIdentifier>
      <Extensions>rc;ico;cur;bmp;dlg;rc2;rct;bin;rgs;gif;jpg;jpeg;jpe;resx;tiff;tif;png;wav;mfcribbon-ms</Extensions>
    </Filter>
    <Filter Include="Entities">
      <UniqueIdentifier>{457deac7-42cb-4ba7-b259-cef1334d1089}</UniqueIdentifier>
    </Filter>
    <Filter Include="States">
      <UniqueIdentifier>{a1b4d9c4-4d82-4f79-b59c-4c588ced3dca}</UniqueIdentifier>
    </Filter>
    <Filter Include="Entities\Header Files">
      <UniqueIdentifier>{aa6a35bd-04aa-4b2f-bf12-b607b0ccbd77}</UniqueIdentifier>
    </Filter>
    <Filter Include="States\Header Files">
      <UniqueIdentifier>{0df498ab-84d2-478e-b508-6d53b70fe873}</UniqueIdentifier>
    </Filter>
    <Filter Include="States\Source Files">
      <UniqueIdentifier>{c1fb0608-0d8b-4d7e-801e-09af7f3974f6}</UniqueIdentifier>
    </Filter>
    <Filter Include="Entities\Source Files">
      <UniqueIdentifier>{ccca4641-5fd6-44ee-942e-16dbe060e0af}</UniqueIdentifier>
    </Filter>
    <Filter Include="Config Files">
      <UniqueIdentifier>{ca1914cf-5d78-445d-af60-a0ef3e352b21}</UniqueIdentifier>
    </Filter>
    <Filter Include="Components">
      <UniqueIdentifier>{1276da68-7690-4e73-895d-e330dd43a75c}</UniqueIdentifier>
    </Filter>
    <Filter Include="Components\Source Files">
      <UniqueIdentifier>{9c17bc47-7d9d-410f-9fb1-632245d3c59a}</UniqueIdentifier>
    </Filter>
    <Filter Include="Components\Header Files">
      <UniqueIdentifier>{4c8671f3-1870-4f7b-8827-c09da91fa62c}</UniqueIdentifier>
    </Filter>
    <Filter Include="Tile">
      <UniqueIdentifier>{7120b2c1-5f0c-4360-bc61-84e01cd7b8b5}</UniqueIdentifier>
    </Filter>
    <Filter Include="GUI">
      <UniqueIdentifier>{62778116-7b1b-4097-8d46-29f71f84d74c}</UniqueIdentifier>
    </Filter>
  </ItemGroup>
  <ItemGroup>
    <ClCompile Include="Open World RPG Tutorial.cpp">
      <Filter>Source Files</Filter>
    </ClCompile>
    <ClCompile Include="Game.cpp">
      <Filter>Source Files</Filter>
    </ClCompile>
    <ClCompile Include="Entity.cpp">
      <Filter>Entities\Source Files</Filter>
    </ClCompile>
    <ClCompile Include="ThePlayer.cpp">
      <Filter>Entities\Source Files</Filter>
    </ClCompile>
    <ClCompile Include="GameState.cpp">
      <Filter>States\Source Files</Filter>
    </ClCompile>
    <ClCompile Include="State.cpp">
      <Filter>States\Source Files</Filter>
    </ClCompile>
    <ClCompile Include="MainMenuState.cpp">
      <Filter>States\Source Files</Filter>
    </ClCompile>
    <ClCompile Include="Button.cpp">
      <Filter>Source Files</Filter>
    </ClCompile>
    <ClCompile Include="MovementComponent.cpp">
      <Filter>Components\Source Files</Filter>
    </ClCompile>
    <ClCompile Include="AnimationComponent.cpp">
      <Filter>Components\Source Files</Filter>
    </ClCompile>
    <ClCompile Include="EditorState.cpp">
      <Filter>States\Source Files</Filter>
    </ClCompile>
    <ClCompile Include="HitboxComponent.cpp">
      <Filter>Components\Source Files</Filter>
    </ClCompile>
    <ClCompile Include="Tile.cpp">
      <Filter>Tile</Filter>
    </ClCompile>
    <ClCompile Include="PauseMenu.cpp">
      <Filter>GUI</Filter>
    </ClCompile>
  </ItemGroup>
  <ItemGroup>
    <ClInclude Include="Game.h">
      <Filter>Header Files</Filter>
    </ClInclude>
    <ClInclude Include="Entity.h">
      <Filter>Entities\Header Files</Filter>
    </ClInclude>
    <ClInclude Include="ThePlayer.h">
      <Filter>Entities\Header Files</Filter>
    </ClInclude>
    <ClInclude Include="GameState.h">
      <Filter>States\Header Files</Filter>
    </ClInclude>
    <ClInclude Include="State.h">
      <Filter>States\Header Files</Filter>
    </ClInclude>
    <ClInclude Include="MainMenuState.h">
      <Filter>States\Header Files</Filter>
    </ClInclude>
    <ClInclude Include="Button.h">
      <Filter>Header Files</Filter>
    </ClInclude>
    <ClInclude Include="SFMLHeaders.h">
      <Filter>Header Files</Filter>
    </ClInclude>
    <ClInclude Include="CommonHeaders.h">
      <Filter>Header Files</Filter>
    </ClInclude>
    <ClInclude Include="AnimationComponent.h">
      <Filter>Components\Header Files</Filter>
    </ClInclude>
    <ClInclude Include="MovementComponent.h">
      <Filter>Components\Header Files</Filter>
    </ClInclude>
    <ClInclude Include="EditorState.h">
      <Filter>States\Header Files</Filter>
    </ClInclude>
    <ClInclude Include="HitboxComponent.h">
      <Filter>Components\Header Files</Filter>
    </ClInclude>
    <ClInclude Include="Tile.h">
      <Filter>Tile</Filter>
    </ClInclude>
    <ClInclude Include="PauseMenu.h">
      <Filter>GUI</Filter>
    </ClInclude>
  </ItemGroup>
  <ItemGroup>
    <None Include="..\Config\gamestate_keybinds.ini">
      <Filter>Config Files</Filter>
    </None>
    <None Include="..\Config\supported_keys.ini">
      <Filter>Config Files</Filter>
    </None>
    <None Include="..\Config\window.ini">
      <Filter>Config Files</Filter>
    </None>
    <None Include="..\Config\editorstate_keybinds.ini">
      <Filter>Config Files</Filter>
    </None>
  </ItemGroup>
</Project>